Microsoft Visual Studio Solution File, Format Version 12.00
# Visual Studio Version 17
VisualStudioVersion = 17.5.2.0
MinimumVisualStudioVersion = 10.0.40219.1
Project("{FAE04EC0-301F-11D3-BF4B-00C04F79EFBC}") = "StoreManagement", "StoreManagement\StoreManagement.csproj", "{F3AA762C-6C66-EDCD-8F46-B6A97989C85B}"
EndProject
Project("{FAE04EC0-301F-11D3-BF4B-00C04F79EFBC}") = "StoreManagement.SmokeTests", "StoreManagement.SmokeTests\StoreManagement.SmokeTests.csproj", "{0089DDB8-9A06-B425-AC44-E63E4986C5E3}"
EndProject
Global
	GlobalSection(SolutionConfigurationPlatforms) = preSolution
		Debug|Any CPU = Debug|Any CPU
		Release|Any CPU = Release|Any CPU
	EndGlobalSection
	GlobalSection(ProjectConfigurationPlatforms) = postSolution
		{F3AA762C-6C66-EDCD-8F46-B6A97989C85B}.Debug|Any CPU.ActiveCfg = Debug|Any CPU
		{F3AA762C-6C66-EDCD-8F46-B6A97989C85B}.Debug|Any CPU.Build.0 = Debug|Any CPU
		{F3AA762C-6C66-EDCD-8F46-B6A97989C85B}.Release|Any CPU.ActiveCfg = Release|Any CPU
		{F3AA762C-6C66-EDCD-8F46-B6A97989C85B}.Release|Any CPU.Build.0 = Release|Any CPU
		{0089DDB8-9A06-B425-AC44-E63E4986C5E3}.Debug|Any CPU.ActiveCfg = Debug|Any CPU
		{0089DDB8-9A06-B425-AC44-E63E4986C5E3}.Debug|Any CPU.Build.0 = Debug|Any CPU
		{0089DDB8-9A06-B425-AC44-E63E4986C5E3}.Release|Any CPU.ActiveCfg = Release|Any CPU
		{0089DDB8-9A06-B425-AC44-E63E4986C5E3}.Release|Any CPU.Build.0 = Release|Any CPU
	EndGlobalSection
	GlobalSection(SolutionProperties) = preSolution
		HideSolutionNode = FALSE
	EndGlobalSection
	GlobalSection(ExtensibilityGlobals) = postSolution
		SolutionGuid = {7FB50413-9027-4652-94F7-AD76729A7EC8}
	EndGlobalSection
EndGlobal
